// !$*UTF8*$!
{
	archiveVersion = 1;
	classes = {
	};
	objectVersion = 50;
	objects = {

/* Begin PBXBuildFile section */
		BF21630E26B51BE9006CFB9A /* ZaHunterApp.swift in Sources */ = {isa = PBXBuildFile; fileRef = BF21630D26B51BE9006CFB9A /* ZaHunterApp.swift */; };
		BF21631026B51BE9006CFB9A /* ContentView.swift in Sources */ = {isa = PBXBuildFile; fileRef = BF21630F26B51BE9006CFB9A /* ContentView.swift */; };
		BF21631226B51BEE006CFB9A /* Assets.xcassets in Resources */ = {isa = PBXBuildFile; fileRef = BF21631126B51BEE006CFB9A /* Assets.xcassets */; };
		BF21631526B51BEE006CFB9A /* Preview Assets.xcassets in Resources */ = {isa = PBXBuildFile; fileRef = BF21631426B51BEE006CFB9A /* Preview Assets.xcassets */; };
		BF21632026B51BEE006CFB9A /* ZaHunterTests.swift in Sources */ = {isa = PBXBuildFile; fileRef = BF21631F26B51BEE006CFB9A /* ZaHunterTests.swift */; };
		BF21632B26B51BEE006CFB9A /* ZaHunterUITests.swift in Sources */ = {isa = PBXBuildFile; fileRef = BF21632A26B51BEE006CFB9A /* ZaHunterUITests.swift */; };
/* End PBXBuildFile section */

/* Begin PBXContainerItemProxy section */
		BF21631C26B51BEE006CFB9A /* PBXContainerItemProxy */ = {
			isa = PBXContainerItemProxy;
			containerPortal = BF21630226B51BE9006CFB9A /* Project object */;
			proxyType = 1;
			remoteGlobalIDString = BF21630926B51BE9006CFB9A;
			remoteInfo = ZaHunter;
		};
		BF21632726B51BEE006CFB9A /* PBXContainerItemProxy */ = {
			isa = PBXContainerItemProxy;
			containerPortal = BF21630226B51BE9006CFB9A /* Project object */;
			proxyType = 1;
			remoteGlobalIDString = BF21630926B51BE9006CFB9A;
			remoteInfo = ZaHunter;
		};
/* End PBXContainerItemProxy section */

/* Begin PBXFileReference section */
		BF21630A26B51BE9006CFB9A /* ZaHunter.app */ = {isa = PBXFileReference; explicitFileType = wrapper.application; includeInIndex = 0; path = ZaHunter.app; sourceTree = BUILT_PRODUCTS_DIR; };
		BF21630D26B51BE9006CFB9A /* ZaHunterApp.swift */ = {isa = PBXFileReference; lastKnownFileType = sourcecode.swift; path = ZaHunterApp.swift; sourceTree = "<group>"; };
		BF21630F26B51BE9006CFB9A /* ContentView.swift */ = {isa = PBXFileReference; lastKnownFileType = sourcecode.swift; path = ContentView.swift; sourceTree = "<group>"; };
		BF21631126B51BEE006CFB9A /* Assets.xcassets */ = {isa = PBXFileReference; lastKnownFileType = folder.assetcatalog; path = Assets.xcassets; sourceTree = "<group>"; };
		BF21631426B51BEE006CFB9A /* Preview Assets.xcassets */ = {isa = PBXFileReference; lastKnownFileType = folder.assetcatalog; path = "Preview Assets.xcassets"; sourceTree = "<group>"; };
		BF21631626B51BEE006CFB9A /* Info.plist */ = {isa = PBXFileReference; lastKnownFileType = text.plist.xml; path = Info.plist; sourceTree = "<group>"; };
		BF21631B26B51BEE006CFB9A /* ZaHunterTests.xctest */ = {isa = PBXFileReference; explicitFileType = wrapper.cfbundle; includeInIndex = 0; path = ZaHunterTests.xctest; sourceTree = BUILT_PRODUCTS_DIR; };
		BF21631F26B51BEE006CFB9A /* ZaHunterTests.swift */ = {isa = PBXFileReference; lastKnownFileType = sourcecode.swift; path = ZaHunterTests.swift; sourceTree = "<group>"; };
		BF21632126B51BEE006CFB9A /* Info.plist */ = {isa = PBXFileReference; lastKnownFileType = text.plist.xml; path = Info.plist; sourceTree = "<group>"; };
		BF21632626B51BEE006CFB9A /* ZaHunterUITests.xctest */ = {isa = PBXFileReference; explicitFileType = wrapper.cfbundle; includeInIndex = 0; path = ZaHunterUITests.xctest; sourceTree = BUILT_PRODUCTS_DIR; };
		BF21632A26B51BEE006CFB9A /* ZaHunterUITests.swift */ = {isa = PBXFileReference; lastKnownFileType = sourcecode.swift; path = ZaHunterUITests.swift; sourceTree = "<group>"; };
		BF21632C26B51BEE006CFB9A /* Info.plist */ = {isa = PBXFileReference; lastKnownFileType = text.plist.xml; path = Info.plist; sourceTree = "<group>"; };
/* End PBXFileReference section */

/* Begin PBXFrameworksBuildPhase section */
		BF21630726B51BE9006CFB9A /* Frameworks */ = {
			isa = PBXFrameworksBuildPhase;
			buildActionMask = 2147483647;
			files = (
			);
			runOnlyForDeploymentPostprocessing = 0;
		};
		BF21631826B51BEE006CFB9A /* Frameworks */ = {
			isa = PBXFrameworksBuildPhase;
			buildActionMask = 2147483647;
			files = (
			);
			runOnlyForDeploymentPostprocessing = 0;
		};
		BF21632326B51BEE006CFB9A /* Frameworks */ = {
			isa = PBXFrameworksBuildPhase;
			buildActionMask = 2147483647;
			files = (
			);
			runOnlyForDeploymentPostprocessing = 0;
		};
/* End PBXFrameworksBuildPhase section */

/* Begin PBXGroup section */
		BF21630126B51BE9006CFB9A = {
			isa = PBXGroup;
			children = (
				BF21630C26B51BE9006CFB9A /* ZaHunter */,
				BF21631E26B51BEE006CFB9A /* ZaHunterTests */,
				BF21632926B51BEE006CFB9A /* ZaHunterUITests */,
				BF21630B26B51BE9006CFB9A /* Products */,
			);
			sourceTree = "<group>";
		};
		BF21630B26B51BE9006CFB9A /* Products */ = {
			isa = PBXGroup;
			children = (
				BF21630A26B51BE9006CFB9A /* ZaHunter.app */,
				BF21631B26B51BEE006CFB9A /* ZaHunterTests.xctest */,
				BF21632626B51BEE006CFB9A /* ZaHunterUITests.xctest */,
			);
			name = Products;
			sourceTree = "<group>";
		};
		BF21630C26B51BE9006CFB9A /* ZaHunter */ = {
			isa = PBXGroup;
			children = (
				BF21630D26B51BE9006CFB9A /* ZaHunterApp.swift */,
				BF21630F26B51BE9006CFB9A /* ContentView.swift */,
				BF21631126B51BEE006CFB9A /* Assets.xcassets */,
				BF21631626B51BEE006CFB9A /* Info.plist */,
				BF21631326B51BEE006CFB9A /* Preview Content */,
			);
			path = ZaHunter;
			sourceTree = "<group>";
		};
		BF21631326B51BEE006CFB9A /* Preview Content */ = {
			isa = PBXGroup;
			children = (
				BF21631426B51BEE006CFB9A /* Preview Assets.xcassets */,
			);
			path = "Preview Content";
			sourceTree = "<group>";
		};
		BF21631E26B51BEE006CFB9A /* ZaHunterTests */ = {
			isa = PBXGroup;
			children = (
				BF21631F26B51BEE006CFB9A /* ZaHunterTests.swift */,
				BF21632126B51BEE006CFB9A /* Info.plist */,
			);
			path = ZaHunterTests;
			sourceTree = "<group>";
		};
		BF21632926B51BEE006CFB9A /* ZaHunterUITests */ = {
			isa = PBXGroup;
			children = (
				BF21632A26B51BEE006CFB9A /* ZaHunterUITests.swift */,
				BF21632C26B51BEE006CFB9A /* Info.plist */,
			);
			path = ZaHunterUITests;
			sourceTree = "<group>";
		};
/* End PBXGroup section */

/* Begin PBXNativeTarget section */
		BF21630926B51BE9006CFB9A /* ZaHunter */ = {
			isa = PBXNativeTarget;
			buildConfigurationList = BF21632F26B51BEE006CFB9A /* Build configuration list for PBXNativeTarget "ZaHunter" */;
			buildPhases = (
				BF21630626B51BE9006CFB9A /* Sources */,
				BF21630726B51BE9006CFB9A /* Frameworks */,
				BF21630826B51BE9006CFB9A /* Resources */,
			);
			buildRules = (
			);
			dependencies = (
			);
			name = ZaHunter;
			productName = ZaHunter;
			productReference = BF21630A26B51BE9006CFB9A /* ZaHunter.app */;
			productType = "com.apple.product-type.application";
		};
		BF21631A26B51BEE006CFB9A /* ZaHunterTests */ = {
			isa = PBXNativeTarget;
			buildConfigurationList = BF21633226B51BEE006CFB9A /* Build configuration list for PBXNativeTarget "ZaHunterTests" */;
			buildPhases = (
				BF21631726B51BEE006CFB9A /* Sources */,
				BF21631826B51BEE006CFB9A /* Frameworks */,
				BF21631926B51BEE006CFB9A /* Resources */,
			);
			buildRules = (
			);
			dependencies = (
				BF21631D26B51BEE006CFB9A /* PBXTargetDependency */,
			);
			name = ZaHunterTests;
			productName = ZaHunterTests;
			productReference = BF21631B26B51BEE006CFB9A /* ZaHunterTests.xctest */;
			productType = "com.apple.product-type.bundle.unit-test";
		};
		BF21632526B51BEE006CFB9A /* ZaHunterUITests */ = {
			isa = PBXNativeTarget;
			buildConfigurationList = BF21633526B51BEE006CFB9A /* Build configuration list for PBXNativeTarget "ZaHunterUITests" */;
			buildPhases = (
				BF21632226B51BEE006CFB9A /* Sources */,
				BF21632326B51BEE006CFB9A /* Frameworks */,
				BF21632426B51BEE006CFB9A /* Resources */,
			);
			buildRules = (
			);
			dependencies = (
				BF21632826B51BEE006CFB9A /* PBXTargetDependency */,
			);
			name = ZaHunterUITests;
			productName = ZaHunterUITests;
			productReference = BF21632626B51BEE006CFB9A /* ZaHunterUITests.xctest */;
			productType = "com.apple.product-type.bundle.ui-testing";
		};
/* End PBXNativeTarget section */

/* Begin PBXProject section */
		BF21630226B51BE9006CFB9A /* Project object */ = {
			isa = PBXProject;
			attributes = {
				LastSwiftUpdateCheck = 1250;
				LastUpgradeCheck = 1250;
				TargetAttributes = {
					BF21630926B51BE9006CFB9A = {
						CreatedOnToolsVersion = 12.5.1;
					};
					BF21631A26B51BEE006CFB9A = {
						CreatedOnToolsVersion = 12.5.1;
						TestTargetID = BF21630926B51BE9006CFB9A;
					};
					BF21632526B51BEE006CFB9A = {
						CreatedOnToolsVersion = 12.5.1;
						TestTargetID = BF21630926B51BE9006CFB9A;
					};
				};
			};
			buildConfigurationList = BF21630526B51BE9006CFB9A /* Build configuration list for PBXProject "ZaHunter" */;
			compatibilityVersion = "Xcode 9.3";
			developmentRegion = en;
			hasScannedForEncodings = 0;
			knownRegions = (
				en,
				Base,
			);
			mainGroup = BF21630126B51BE9006CFB9A;
			productRefGroup = BF21630B26B51BE9006CFB9A /* Products */;
			projectDirPath = "";
			projectRoot = "";
			targets = (
				BF21630926B51BE9006CFB9A /* ZaHunter */,
				BF21631A26B51BEE006CFB9A /* ZaHunterTests */,
				BF21632526B51BEE006CFB9A /* ZaHunterUITests */,
			);
		};
/* End PBXProject section */

/* Begin PBXResourcesBuildPhase section */
		BF21630826B51BE9006CFB9A /* Resources */ = {
			isa = PBXResourcesBuildPhase;
			buildActionMask = 2147483647;
			files = (
				BF21631526B51BEE006CFB9A /* Preview Assets.xcassets in Resources */,
				BF21631226B51BEE006CFB9A /* Assets.xcassets in Resources */,
			);
			runOnlyForDeploymentPostprocessing = 0;
		};
		BF21631926B51BEE006CFB9A /* Resources */ = {
			isa = PBXResourcesBuildPhase;
			buildActionMask = 2147483647;
			files = (
			);
			runOnlyForDeploymentPostprocessing = 0;
		};
		BF21632426B51BEE006CFB9A /* Resources */ = {
			isa = PBXResourcesBuildPhase;
			buildActionMask = 2147483647;
			files = (
			);
			runOnlyForDeploymentPostprocessing = 0;
		};
/* End PBXResourcesBuildPhase section */

/* Begin PBXSourcesBuildPhase section */
		BF21630626B51BE9006CFB9A /* Sources */ = {
			isa = PBXSourcesBuildPhase;
			buildActionMask = 2147483647;
			files = (
				BF21631026B51BE9006CFB9A /* ContentView.swift in Sources */,
				BF21630E26B51BE9006CFB9A /* ZaHunterApp.swift in Sources */,
			);
			runOnlyForDeploymentPostprocessing = 0;
		};
		BF21631726B51BEE006CFB9A /* Sources */ = {
			isa = PBXSourcesBuildPhase;
			buildActionMask = 2147483647;
			files = (
				BF21632026B51BEE006CFB9A /* ZaHunterTests.swift in Sources */,
			);
			runOnlyForDeploymentPostprocessing = 0;
		};
		BF21632226B51BEE006CFB9A /* Sources */ = {
			isa = PBXSourcesBuildPhase;
			buildActionMask = 2147483647;
			files = (
				BF21632B26B51BEE006CFB9A /* ZaHunterUITests.swift in Sources */,
			);
			runOnlyForDeploymentPostprocessing = 0;
		};
/* End PBXSourcesBuildPhase section */

/* Begin PBXTargetDependency section */
		BF21631D26B51BEE006CFB9A /* PBXTargetDependency */ = {
			isa = PBXTargetDependency;
			target = BF21630926B51BE9006CFB9A /* ZaHunter */;
			targetProxy = BF21631C26B51BEE006CFB9A /* PBXContainerItemProxy */;
		};
		BF21632826B51BEE006CFB9A /* PBXTargetDependency */ = {
			isa = PBXTargetDependency;
			target = BF21630926B51BE9006CFB9A /* ZaHunter */;
			targetProxy = BF21632726B51BEE006CFB9A /* PBXContainerItemProxy */;
		};
/* End PBXTargetDependency section */

/* Begin XCBuildConfiguration section */
		BF21632D26B51BEE006CFB9A /* Debug */ = {
			isa = XCBuildConfiguration;
			buildSettings = {
				ALWAYS_SEARCH_USER_PATHS = NO;
				CLANG_ANALYZER_NONNULL = YES;
				CLANG_ANALYZER_NUMBER_OBJECT_CONVERSION = YES_AGGRESSIVE;
				CLANG_CXX_LANGUAGE_STANDARD = "gnu++14";
				CLANG_CXX_LIBRARY = "libc++";
				CLANG_ENABLE_MODULES = YES;
				CLANG_ENABLE_OBJC_ARC = YES;
				CLANG_ENABLE_OBJC_WEAK = YES;
				CLANG_WARN_BLOCK_CAPTURE_AUTORELEASING = YES;
				CLANG_WARN_BOOL_CONVERSION = YES;
				CLANG_WARN_COMMA = YES;
				CLANG_WARN_CONSTANT_CONVERSION = YES;
				CLANG_WARN_DEPRECATED_OBJC_IMPLEMENTATIONS = YES;
				CLANG_WARN_DIRECT_OBJC_ISA_USAGE = YES_ERROR;
				CLANG_WARN_DOCUMENTATION_COMMENTS = YES;
				CLANG_WARN_EMPTY_BODY = YES;
				CLANG_WARN_ENUM_CONVERSION = YES;
				CLANG_WARN_INFINITE_RECURSION = YES;
				CLANG_WARN_INT_CONVERSION = YES;
				CLANG_WARN_NON_LITERAL_NULL_CONVERSION = YES;
				CLANG_WARN_OBJC_IMPLICIT_RETAIN_SELF = YES;
				CLANG_WARN_OBJC_LITERAL_CONVERSION = YES;
				CLANG_WARN_OBJC_ROOT_CLASS = YES_ERROR;
				CLANG_WARN_QUOTED_INCLUDE_IN_FRAMEWORK_HEADER = YES;
				CLANG_WARN_RANGE_LOOP_ANALYSIS = YES;
				CLANG_WARN_STRICT_PROTOTYPES = YES;
				CLANG_WARN_SUSPICIOUS_MOVE = YES;
				CLANG_WARN_UNGUARDED_AVAILABILITY = YES_AGGRESSIVE;
				CLANG_WARN_UNREACHABLE_CODE = YES;
				CLANG_WARN__DUPLICATE_METHOD_MATCH = YES;
				COPY_PHASE_STRIP = NO;
				DEBUG_INFORMATION_FORMAT = dwarf;
				ENABLE_STRICT_OBJC_MSGSEND = YES;
				ENABLE_TESTABILITY = YES;
				GCC_C_LANGUAGE_STANDARD = gnu11;
				GCC_DYNAMIC_NO_PIC = NO;
				GCC_NO_COMMON_BLOCKS = YES;
				GCC_OPTIMIZATION_LEVEL = 0;
				GCC_PREPROCESSOR_DEFINITIONS = (
					"DEBUG=1",
					"$(inherited)",
				);
				GCC_WARN_64_TO_32_BIT_CONVERSION = YES;
				GCC_WARN_ABOUT_RETURN_TYPE = YES_ERROR;
				GCC_WARN_UNDECLARED_SELECTOR = YES;
				GCC_WARN_UNINITIALIZED_AUTOS = YES_AGGRESSIVE;
				GCC_WARN_UNUSED_FUNCTION = YES;
				GCC_WARN_UNUSED_VARIABLE = YES;
				IPHONEOS_DEPLOYMENT_TARGET = 14.5;
				MTL_ENABLE_DEBUG_INFO = INCLUDE_SOURCE;
				MTL_FAST_MATH = YES;
				ONLY_ACTIVE_ARCH = YES;
				SDKROOT = iphoneos;
				SWIFT_ACTIVE_COMPILATION_CONDITIONS = DEBUG;
				SWIFT_OPTIMIZATION_LEVEL = "-Onone";
			};
			name = Debug;
		};
		BF21632E26B51BEE006CFB9A /* Release */ = {
			isa = XCBuildConfiguration;
			buildSettings = {
				ALWAYS_SEARCH_USER_PATHS = NO;
				CLANG_ANALYZER_NONNULL = YES;
				CLANG_ANALYZER_NUMBER_OBJECT_CONVERSION = YES_AGGRESSIVE;
				CLANG_CXX_LANGUAGE_STANDARD = "gnu++14";
				CLANG_CXX_LIBRARY = "libc++";
				CLANG_ENABLE_MODULES = YES;
				CLANG_ENABLE_OBJC_ARC = YES;
				CLANG_ENABLE_OBJC_WEAK = YES;
				CLANG_WARN_BLOCK_CAPTURE_AUTORELEASING = YES;
				CLANG_WARN_BOOL_CONVERSION = YES;
				CLANG_WARN_COMMA = YES;
				CLANG_WARN_CONSTANT_CONVERSION = YES;
				CLANG_WARN_DEPRECATED_OBJC_IMPLEMENTATIONS = YES;
				CLANG_WARN_DIRECT_OBJC_ISA_USAGE = YES_ERROR;
				CLANG_WARN_DOCUMENTATION_COMMENTS = YES;
				CLANG_WARN_EMPTY_BODY = YES;
				CLANG_WARN_ENUM_CONVERSION = YES;
				CLANG_WARN_INFINITE_RECURSION = YES;
				CLANG_WARN_INT_CONVERSION = YES;
				CLANG_WARN_NON_LITERAL_NULL_CONVERSION = YES;
				CLANG_WARN_OBJC_IMPLICIT_RETAIN_SELF = YES;
				CLANG_WARN_OBJC_LITERAL_CONVERSION = YES;
				CLANG_WARN_OBJC_ROOT_CLASS = YES_ERROR;
				CLANG_WARN_QUOTED_INCLUDE_IN_FRAMEWORK_HEADER = YES;
				CLANG_WARN_RANGE_LOOP_ANALYSIS = YES;
				CLANG_WARN_STRICT_PROTOTYPES = YES;
				CLANG_WARN_SUSPICIOUS_MOVE = YES;
				CLANG_WARN_UNGUARDED_AVAILABILITY = YES_AGGRESSIVE;
				CLANG_WARN_UNREACHABLE_CODE = YES;
				CLANG_WARN__DUPLICATE_METHOD_MATCH = YES;
				COPY_PHASE_STRIP = NO;
				DEBUG_INFORMATION_FORMAT = "dwarf-with-dsym";
				ENABLE_NS_ASSERTIONS = NO;
				ENABLE_STRICT_OBJC_MSGSEND = YES;
				GCC_C_LANGUAGE_STANDARD = gnu11;
				GCC_NO_COMMON_BLOCKS = YES;
				GCC_WARN_64_TO_32_BIT_CONVERSION = YES;
				GCC_WARN_ABOUT_RETURN_TYPE = YES_ERROR;
				GCC_WARN_UNDECLARED_SELECTOR = YES;
				GCC_WARN_UNINITIALIZED_AUTOS = YES_AGGRESSIVE;
				GCC_WARN_UNUSED_FUNCTION = YES;
				GCC_WARN_UNUSED_VARIABLE = YES;
				IPHONEOS_DEPLOYMENT_TARGET = 14.5;
				MTL_ENABLE_DEBUG_INFO = NO;
				MTL_FAST_MATH = YES;
				SDKROOT = iphoneos;
				SWIFT_COMPILATION_MODE = wholemodule;
				SWIFT_OPTIMIZATION_LEVEL = "-O";
				VALIDATE_PRODUCT = YES;
			};
			name = Release;
		};
		BF21633026B51BEE006CFB9A /* Debug */ = {
			isa = XCBuildConfiguration;
			buildSettings = {
				ASSETCATALOG_COMPILER_APPICON_NAME = AppIcon;
				ASSETCATALOG_COMPILER_GLOBAL_ACCENT_COLOR_NAME = AccentColor;
				CODE_SIGN_STYLE = Automatic;
				DEVELOPMENT_ASSET_PATHS = "\"ZaHunter/Preview Content\"";
				ENABLE_PREVIEWS = YES;
				INFOPLIST_FILE = ZaHunter/Info.plist;
				IPHONEOS_DEPLOYMENT_TARGET = 14.0;
				LD_RUNPATH_SEARCH_PATHS = (
					"$(inherited)",
					"@executable_path/Frameworks",
				);
				PRODUCT_BUNDLE_IDENTIFIER = TuckerG.ZaHunter;
				PRODUCT_NAME = "$(TARGET_NAME)";
				SWIFT_VERSION = 5.0;
				TARGETED_DEVICE_FAMILY = "1,2";
			};
			name = Debug;
		};
		BF21633126B51BEE006CFB9A /* Release */ = {
			isa = XCBuildConfiguration;
			buildSettings = {
				ASSETCATALOG_COMPILER_APPICON_NAME = AppIcon;
				ASSETCATALOG_COMPILER_GLOBAL_ACCENT_COLOR_NAME = AccentColor;
				CODE_SIGN_STYLE = Automatic;
				DEVELOPMENT_ASSET_PATHS = "\"ZaHunter/Preview Content\"";
				ENABLE_PREVIEWS = YES;
				INFOPLIST_FILE = ZaHunter/Info.plist;
				IPHONEOS_DEPLOYMENT_TARGET = 14.0;
				LD_RUNPATH_SEARCH_PATHS = (
					"$(inherited)",
					"@executable_path/Frameworks",
				);
				PRODUCT_BUNDLE_IDENTIFIER = TuckerG.ZaHunter;
				PRODUCT_NAME = "$(TARGET_NAME)";
				SWIFT_VERSION = 5.0;
				TARGETED_DEVICE_FAMILY = "1,2";
			};
			name = Release;
		};
		BF21633326B51BEE006CFB9A /* Debug */ = {
			isa = XCBuildConfiguration;
			buildSettings = {
				ALWAYS_EMBED_SWIFT_STANDARD_LIBRARIES = YES;
				BUNDLE_LOADER = "$(TEST_HOST)";
				CODE_SIGN_STYLE = Automatic;
				INFOPLIST_FILE = ZaHunterTests/Info.plist;
				IPHONEOS_DEPLOYMENT_TARGET = 14.0;
				LD_RUNPATH_SEARCH_PATHS = (
					"$(inherited)",
					"@executable_path/Frameworks",
					"@loader_path/Frameworks",
				);
				PRODUCT_BUNDLE_IDENTIFIER = TuckerG.ZaHunterTests;
				PRODUCT_NAME = "$(TARGET_NAME)";
				SWIFT_VERSION = 5.0;
				TARGETED_DEVICE_FAMILY = "1,2";
				TEST_HOST = "$(BUILT_PRODUCTS_DIR)/ZaHunter.app/ZaHunter";
			};
			name = Debug;
		};
		BF21633426B51BEE006CFB9A /* Release */ = {
			isa = XCBuildConfiguration;
			buildSettings = {
				ALWAYS_EMBED_SWIFT_STANDARD_LIBRARIES = YES;
				BUNDLE_LOADER = "$(TEST_HOST)";
				CODE_SIGN_STYLE = Automatic;
				INFOPLIST_FILE = ZaHunterTests/Info.plist;
				IPHONEOS_DEPLOYMENT_TARGET = 14.0;
				LD_RUNPATH_SEARCH_PATHS = (
					"$(inherited)",
					"@executable_path/Frameworks",
					"@loader_path/Frameworks",
				);
				PRODUCT_BUNDLE_IDENTIFIER = TuckerG.ZaHunterTests;
				PRODUCT_NAME = "$(TARGET_NAME)";
				SWIFT_VERSION = 5.0;
				TARGETED_DEVICE_FAMILY = "1,2";
				TEST_HOST = "$(BUILT_PRODUCTS_DIR)/ZaHunter.app/ZaHunter";
			};
			name = Release;
		};
		BF21633626B51BEE006CFB9A /* Debug */ = {
			isa = XCBuildConfiguration;
			buildSettings = {
				ALWAYS_EMBED_SWIFT_STANDARD_LIBRARIES = YES;
				CODE_SIGN_STYLE = Automatic;
				INFOPLIST_FILE = ZaHunterUITests/Info.plist;
				LD_RUNPATH_SEARCH_PATHS = (
					"$(inherited)",
					"@executable_path/Frameworks",
					"@loader_path/Frameworks",
				);
				PRODUCT_BUNDLE_IDENTIFIER = TuckerG.ZaHunterUITests;
				PRODUCT_NAME = "$(TARGET_NAME)";
				SWIFT_VERSION = 5.0;
				TARGETED_DEVICE_FAMILY = "1,2";
				TEST_TARGET_NAME = ZaHunter;
			};
			name = Debug;
		};
		BF21633726B51BEE006CFB9A /* Release */ = {
			isa = XCBuildConfiguration;
			buildSettings = {
				ALWAYS_EMBED_SWIFT_STANDARD_LIBRARIES = YES;
				CODE_SIGN_STYLE = Automatic;
				INFOPLIST_FILE = ZaHunterUITests/Info.plist;
				LD_RUNPATH_SEARCH_PATHS = (
					"$(inherited)",
					"@executable_path/Frameworks",
					"@loader_path/Frameworks",
				);
				PRODUCT_BUNDLE_IDENTIFIER = TuckerG.ZaHunterUITests;
				PRODUCT_NAME = "$(TARGET_NAME)";
				SWIFT_VERSION = 5.0;
				TARGETED_DEVICE_FAMILY = "1,2";
				TEST_TARGET_NAME = ZaHunter;
			};
			name = Release;
		};
/* End XCBuildConfiguration section */

/* Begin XCConfigurationList section */
		BF21630526B51BE9006CFB9A /* Build configuration list for PBXProject "ZaHunter" */ = {
			isa = XCConfigurationList;
			buildConfigurations = (
				BF21632D26B51BEE006CFB9A /* Debug */,
				BF21632E26B51BEE006CFB9A /* Release */,
			);
			defaultConfigurationIsVisible = 0;
			defaultConfigurationName = Release;
		};
		BF21632F26B51BEE006CFB9A /* Build configuration list for PBXNativeTarget "ZaHunter" */ = {
			isa = XCConfigurationList;
			buildConfigurations = (
				BF21633026B51BEE006CFB9A /* Debug */,
				BF21633126B51BEE006CFB9A /* Release */,
			);
			defaultConfigurationIsVisible = 0;
			defaultConfigurationName = Release;
		};
		BF21633226B51BEE006CFB9A /* Build configuration list for PBXNativeTarget "ZaHunterTests" */ = {
			isa = XCConfigurationList;
			buildConfigurations = (
				BF21633326B51BEE006CFB9A /* Debug */,
				BF21633426B51BEE006CFB9A /* Release */,
			);
			defaultConfigurationIsVisible = 0;
			defaultConfigurationName = Release;
		};
		BF21633526B51BEE006CFB9A /* Build configuration list for PBXNativeTarget "ZaHunterUITests" */ = {
			isa = XCConfigurationList;
			buildConfigurations = (
				BF21633626B51BEE006CFB9A /* Debug */,
				BF21633726B51BEE006CFB9A /* Release */,
			);
			defaultConfigurationIsVisible = 0;
			defaultConfigurationName = Release;
		};
/* End XCConfigurationList section */
	};
	rootObject = BF21630226B51BE9006CFB9A /* Project object */;
}
